
Microsoft Visual Studio Solution File, Format Version 12.00
# Visual Studio Version 17
VisualStudioVersion = 17.11.35327.3
MinimumVisualStudioVersion = 10.0.40219.1
Project("{FAE04EC0-301F-11D3-BF4B-00C04F79EFBC}") = "InternalBookingSystem", "InternalBookingSystem.csproj", "{12099230-436C-4020-A4E7-2DF40A485159}"
EndProject
Global
	GlobalSection(SolutionConfigurationPlatforms) = preSolution
		Debug|Any CPU = Debug|Any CPU
		Release|Any CPU = Release|Any CPU
	EndGlobalSection
	GlobalSection(ProjectConfigurationPlatforms) = postSolution
		{12099230-436C-4020-A4E7-2DF40A485159}.Debug|Any CPU.ActiveCfg = Debug|Any CPU
		{12099230-436C-4020-A4E7-2DF40A485159}.Debug|Any CPU.Build.0 = Debug|Any CPU
		{12099230-436C-4020-A4E7-2DF40A485159}.Release|Any CPU.ActiveCfg = Release|Any CPU
		{12099230-436C-4020-A4E7-2DF40A485159}.Release|Any CPU.Build.0 = Release|Any CPU
	EndGlobalSection
	GlobalSection(SolutionProperties) = preSolution
		HideSolutionNode = FALSE
	EndGlobalSection
	GlobalSection(ExtensibilityGlobals) = postSolution
		SolutionGuid = {6602FAF0-97DF-48CE-8025-C547D4D5FE58}
	EndGlobalSection
EndGlobal
